// !$*UTF8*$!
{
	archiveVersion = 1;
	classes = {
	};
	objectVersion = 56;
	objects = {

/* Begin PBXBuildFile section */
		4539E5F7C8ECF3690EC13997 /* Pods_BabyLog_BabyLogUITests.framework in Frameworks */ = {isa = PBXBuildFile; fileRef = 1BC6DF3140563F3C08086E57 /* Pods_BabyLog_BabyLogUITests.framework */; };
		4F1E7DE32E72F85600ED93E7 /* BabyLogApp.swift in Sources */ = {isa = PBXBuildFile; fileRef = 4F1E7DE22E72F85600ED93E7 /* BabyLogApp.swift */; };
		4F1E7DE72E72F85800ED93E7 /* Assets.xcassets in Resources */ = {isa = PBXBuildFile; fileRef = 4F1E7DE62E72F85800ED93E7 /* Assets.xcassets */; };
		4F1E7DEA2E72F85800ED93E7 /* Preview Assets.xcassets in Resources */ = {isa = PBXBuildFile; fileRef = 4F1E7DE92E72F85800ED93E7 /* Preview Assets.xcassets */; };
		4F1E7DEC2E72F85800ED93E7 /* Persistence.swift in Sources */ = {isa = PBXBuildFile; fileRef = 4F1E7DEB2E72F85800ED93E7 /* Persistence.swift */; };
		4F1E7DEF2E72F85800ED93E7 /* BabyLog.xcdatamodeld in Sources */ = {isa = PBXBuildFile; fileRef = 4F1E7DED2E72F85800ED93E7 /* BabyLog.xcdatamodeld */; };
		4F1E7DF92E72F85800ED93E7 /* BabyLogTests.swift in Sources */ = {isa = PBXBuildFile; fileRef = 4F1E7DF82E72F85800ED93E7 /* BabyLogTests.swift */; };
		4F1E7E032E72F85800ED93E7 /* BabyLogUITests.swift in Sources */ = {isa = PBXBuildFile; fileRef = 4F1E7E022E72F85800ED93E7 /* BabyLogUITests.swift */; };
		4F1E7E052E72F85800ED93E7 /* BabyLogUITestsLaunchTests.swift in Sources */ = {isa = PBXBuildFile; fileRef = 4F1E7E042E72F85800ED93E7 /* BabyLogUITestsLaunchTests.swift */; };
		4F1E7E172E72F9ED00ED93E7 /* CoreEnums.swift in Sources */ = {isa = PBXBuildFile; fileRef = 4F1E7E162E72F9ED00ED93E7 /* CoreEnums.swift */; };
		4F1E7E1B2E72FA1500ED93E7 /* CareEvent.swift in Sources */ = {isa = PBXBuildFile; fileRef = 4F1E7E1A2E72FA1500ED93E7 /* CareEvent.swift */; };
		4F1E7E1E2E72FAB900ED93E7 /* RootView.swift in Sources */ = {isa = PBXBuildFile; fileRef = 4F1E7E1D2E72FAB900ED93E7 /* RootView.swift */; };
		4F1E7E202E72FB2B00ED93E7 /* OnboardingNewBabyView.swift in Sources */ = {isa = PBXBuildFile; fileRef = 4F1E7E1F2E72FB2B00ED93E7 /* OnboardingNewBabyView.swift */; };
		4F1E7E222E72FB8E00ED93E7 /* TimelineView.swift in Sources */ = {isa = PBXBuildFile; fileRef = 4F1E7E212E72FB8E00ED93E7 /* TimelineView.swift */; };
		4F1E7E242E72FE9000ED93E7 /* EventRowView.swift in Sources */ = {isa = PBXBuildFile; fileRef = 4F1E7E232E72FE9000ED93E7 /* EventRowView.swift */; };
		4F1E7E262E72FF7400ED93E7 /* AddEventView.swift in Sources */ = {isa = PBXBuildFile; fileRef = 4F1E7E252E72FF7400ED93E7 /* AddEventView.swift */; };
		4F1E7E2C2E74530300ED93E7 /* EmptyStateView.swift in Sources */ = {isa = PBXBuildFile; fileRef = 4F1E7E2B2E74530300ED93E7 /* EmptyStateView.swift */; };
		4F1E7E2E2E7454BB00ED93E7 /* PreviewPersistence.swift in Sources */ = {isa = PBXBuildFile; fileRef = 4F1E7E2D2E7454BB00ED93E7 /* PreviewPersistence.swift */; };
		4F1E7E302E75A12500ED93E7 /* BabyLog.swift in Sources */ = {isa = PBXBuildFile; fileRef = 4F1E7E2F2E75A12500ED93E7 /* BabyLog.swift */; };
		4F1E7E322E7A87C600ED93E7 /* EditEventTimeView.swift in Sources */ = {isa = PBXBuildFile; fileRef = 4F1E7E312E7A87C600ED93E7 /* EditEventTimeView.swift */; };
		4F1E7E342E7F8C5000ED93E7 /* WeeklyOverviewView.swift in Sources */ = {isa = PBXBuildFile; fileRef = 4F1E7E332E7F8C5000ED93E7 /* WeeklyOverviewView.swift */; };
		4F1E7E362E7F93C000ED93E7 /* ChartsGroupedBars.swift in Sources */ = {isa = PBXBuildFile; fileRef = 4F1E7E352E7F93C000ED93E7 /* ChartsGroupedBars.swift */; };
		4F1E7E382E7F960E00ED93E7 /* FallbackBars.swift in Sources */ = {isa = PBXBuildFile; fileRef = 4F1E7E372E7F960E00ED93E7 /* FallbackBars.swift */; };
		4F1E7E402E7FA48400ED93E7 /* WidgetKit.framework in Frameworks */ = {isa = PBXBuildFile; fileRef = 4F1E7E3F2E7FA48300ED93E7 /* WidgetKit.framework */; };
		4F1E7E422E7FA48400ED93E7 /* SwiftUI.framework in Frameworks */ = {isa = PBXBuildFile; fileRef = 4F1E7E412E7FA48400ED93E7 /* SwiftUI.framework */; };
		4F1E7E452E7FA48400ED93E7 /* BabyLogWidgetBundle.swift in Sources */ = {isa = PBXBuildFile; fileRef = 4F1E7E442E7FA48400ED93E7 /* BabyLogWidgetBundle.swift */; };
		4F1E7E472E7FA48400ED93E7 /* BabyLogWidgetLiveActivity.swift in Sources */ = {isa = PBXBuildFile; fileRef = 4F1E7E462E7FA48400ED93E7 /* BabyLogWidgetLiveActivity.swift */; };
		4F1E7E492E7FA48400ED93E7 /* BabyLogElapsedWidget.swift in Sources */ = {isa = PBXBuildFile; fileRef = 4F1E7E482E7FA48400ED93E7 /* BabyLogElapsedWidget.swift */; };
		4F1E7E4C2E7FA48600ED93E7 /* Assets.xcassets in Resources */ = {isa = PBXBuildFile; fileRef = 4F1E7E4B2E7FA48600ED93E7 /* Assets.xcassets */; };
		4F1E7E4E2E7FA48600ED93E7 /* BabyLogWidget.intentdefinition in Sources */ = {isa = PBXBuildFile; fileRef = 4F1E7E4A2E7FA48400ED93E7 /* BabyLogWidget.intentdefinition */; };
		4F1E7E4F2E7FA48600ED93E7 /* BabyLogWidget.intentdefinition in Sources */ = {isa = PBXBuildFile; fileRef = 4F1E7E4A2E7FA48400ED93E7 /* BabyLogWidget.intentdefinition */; };
		4F1E7E522E7FA48600ED93E7 /* BabyLogWidgetExtension.appex in Embed Foundation Extensions */ = {isa = PBXBuildFile; fileRef = 4F1E7E3D2E7FA48300ED93E7 /* BabyLogWidgetExtension.appex */; settings = {ATTRIBUTES = (RemoveHeadersOnCopy, ); }; };
		4F1E7E582E7FA72300ED93E7 /* Routing.swift in Sources */ = {isa = PBXBuildFile; fileRef = 4F1E7E572E7FA72300ED93E7 /* Routing.swift */; };
		4F1E7E592E7FA8D500ED93E7 /* BabyLogElapsedWidget.swift in Sources */ = {isa = PBXBuildFile; fileRef = 4F1E7E482E7FA48400ED93E7 /* BabyLogElapsedWidget.swift */; };
		4F1E7E5B2E7FAB4800ED93E7 /* BabyLogTodayWidget.swift in Sources */ = {isa = PBXBuildFile; fileRef = 4F1E7E5A2E7FAB4800ED93E7 /* BabyLogTodayWidget.swift */; };
		4F1E7E5C2E7FABA800ED93E7 /* BabyLogTodayWidget.swift in Sources */ = {isa = PBXBuildFile; fileRef = 4F1E7E5A2E7FAB4800ED93E7 /* BabyLogTodayWidget.swift */; };
		4F1E7E5E2E7FBB1B00ED93E7 /* CareEvent.swift in Sources */ = {isa = PBXBuildFile; fileRef = 4F1E7E1A2E72FA1500ED93E7 /* CareEvent.swift */; };
		4F1E7E5F2E7FBB1F00ED93E7 /* CoreEnums.swift in Sources */ = {isa = PBXBuildFile; fileRef = 4F1E7E162E72F9ED00ED93E7 /* CoreEnums.swift */; };
		4F1E7E602E7FBB2400ED93E7 /* BabyLog.swift in Sources */ = {isa = PBXBuildFile; fileRef = 4F1E7E2F2E75A12500ED93E7 /* BabyLog.swift */; };
		4F1E7E6C2E8195D100ED93E7 /* MetricChipView.swift in Sources */ = {isa = PBXBuildFile; fileRef = 4F1E7E6B2E8195D100ED93E7 /* MetricChipView.swift */; };
		4F1E7E7A2E819E4A00ED93E7 /* DailySummary.swift in Sources */ = {isa = PBXBuildFile; fileRef = 4F1E7E792E819E4A00ED93E7 /* DailySummary.swift */; };
		4F1E7E7C2E819E5B00ED93E7 /* BabyLogDailySummaryWidget.swift in Sources */ = {isa = PBXBuildFile; fileRef = 4F1E7E7B2E819E5B00ED93E7 /* BabyLogDailySummaryWidget.swift */; };
		4F1E7E7E2E819ED900ED93E7 /* DailySummaryWidgetChipView.swift in Sources */ = {isa = PBXBuildFile; fileRef = 4F1E7E7D2E819ED900ED93E7 /* DailySummaryWidgetChipView.swift */; };
		4F1E7E7F2E819EF400ED93E7 /* DailySummaryWidgetChipView.swift in Sources */ = {isa = PBXBuildFile; fileRef = 4F1E7E7D2E819ED900ED93E7 /* DailySummaryWidgetChipView.swift */; };
		4F1E7E802E819F0200ED93E7 /* BabyLogDailySummaryWidget.swift in Sources */ = {isa = PBXBuildFile; fileRef = 4F1E7E7B2E819E5B00ED93E7 /* BabyLogDailySummaryWidget.swift */; };
		4F1E7E812E819FCF00ED93E7 /* DailySummary.swift in Sources */ = {isa = PBXBuildFile; fileRef = 4F1E7E792E819E4A00ED93E7 /* DailySummary.swift */; };
		4F1E7E832E81A19200ED93E7 /* BabyLogQuickAddWIdget.swift in Sources */ = {isa = PBXBuildFile; fileRef = 4F1E7E822E81A19200ED93E7 /* BabyLogQuickAddWIdget.swift */; };
		4F1E7E862E82395F00ED93E7 /* Routing.swift in Sources */ = {isa = PBXBuildFile; fileRef = 4F1E7E572E7FA72300ED93E7 /* Routing.swift */; };
		4F1E7E872E823A1600ED93E7 /* BabyLogQuickAddWIdget.swift in Sources */ = {isa = PBXBuildFile; fileRef = 4F1E7E822E81A19200ED93E7 /* BabyLogQuickAddWIdget.swift */; };
		4F1E7E8A2E823F9900ED93E7 /* BannerView.swift in Sources */ = {isa = PBXBuildFile; fileRef = 4F1E7E892E823F9900ED93E7 /* BannerView.swift */; };
		4F1E7E8C2E823FC800ED93E7 /* AppOpenAdManager.swift in Sources */ = {isa = PBXBuildFile; fileRef = 4F1E7E8B2E823FC800ED93E7 /* AppOpenAdManager.swift */; };
		4F1E7E8E2E82400600ED93E7 /* AdsConfig.swift in Sources */ = {isa = PBXBuildFile; fileRef = 4F1E7E8D2E82400600ED93E7 /* AdsConfig.swift */; };
		4F1E7E902E82404B00ED93E7 /* AppDelegate.swift in Sources */ = {isa = PBXBuildFile; fileRef = 4F1E7E8F2E82404B00ED93E7 /* AppDelegate.swift */; };
		4F1E7E932E82433A00ED93E7 /* AddQuickLockWidgetView.swift in Sources */ = {isa = PBXBuildFile; fileRef = 4F1E7E922E82433A00ED93E7 /* AddQuickLockWidgetView.swift */; };
		4F1E7E942E82433D00ED93E7 /* AddQuickLockWidgetView.swift in Sources */ = {isa = PBXBuildFile; fileRef = 4F1E7E922E82433A00ED93E7 /* AddQuickLockWidgetView.swift */; };
		4F1E7E962E82434900ED93E7 /* AddQuickHomeWidgetView.swift in Sources */ = {isa = PBXBuildFile; fileRef = 4F1E7E952E82434900ED93E7 /* AddQuickHomeWidgetView.swift */; };
		4F1E7E972E82434D00ED93E7 /* AddQuickHomeWidgetView.swift in Sources */ = {isa = PBXBuildFile; fileRef = 4F1E7E952E82434900ED93E7 /* AddQuickHomeWidgetView.swift */; };
		4F1E7E992E82925500ED93E7 /* LastValueProvider.swift in Sources */ = {isa = PBXBuildFile; fileRef = 4F1E7E982E82925500ED93E7 /* LastValueProvider.swift */; };
		4F1E7EA12E83DA9500ED93E7 /* WindowAccessor.swift in Sources */ = {isa = PBXBuildFile; fileRef = 4F1E7EA02E83DA9500ED93E7 /* WindowAccessor.swift */; };
		6142173D49D29F1CB7CC28ED /* Pods_BabyLogTests.framework in Frameworks */ = {isa = PBXBuildFile; fileRef = 1145BA96CE7C562F167D513F /* Pods_BabyLogTests.framework */; };
		B16A1EE7C9F3CCBD189D09FB /* Pods_BabyLogWidgetExtension.framework in Frameworks */ = {isa = PBXBuildFile; fileRef = C55783BC8BD1105BE44DF80C /* Pods_BabyLogWidgetExtension.framework */; };
		DF562AE97A46FCF532F73C6A /* Pods_BabyLog.framework in Frameworks */ = {isa = PBXBuildFile; fileRef = C95BE3C313C4475EA3A9F0A8 /* Pods_BabyLog.framework */; };
/* End PBXBuildFile section */

/* Begin PBXContainerItemProxy section */
		4F1E7DF52E72F85800ED93E7 /* PBXContainerItemProxy */ = {
			isa = PBXContainerItemProxy;
			containerPortal = 4F1E7DD72E72F85600ED93E7 /* Project object */;
			proxyType = 1;
			remoteGlobalIDString = 4F1E7DDE2E72F85600ED93E7;
			remoteInfo = BabyLog;
		};
		4F1E7DFF2E72F85800ED93E7 /* PBXContainerItemProxy */ = {
			isa = PBXContainerItemProxy;
			containerPortal = 4F1E7DD72E72F85600ED93E7 /* Project object */;
			proxyType = 1;
			remoteGlobalIDString = 4F1E7DDE2E72F85600ED93E7;
			remoteInfo = BabyLog;
		};
		4F1E7E502E7FA48600ED93E7 /* PBXContainerItemProxy */ = {
			isa = PBXContainerItemProxy;
			containerPortal = 4F1E7DD72E72F85600ED93E7 /* Project object */;
			proxyType = 1;
			remoteGlobalIDString = 4F1E7E3C2E7FA48300ED93E7;
			remoteInfo = BabyLogWidgetExtension;
		};
/* End PBXContainerItemProxy section */

/* Begin PBXCopyFilesBuildPhase section */
		4F1E7E562E7FA48600ED93E7 /* Embed Foundation Extensions */ = {
			isa = PBXCopyFilesBuildPhase;
			buildActionMask = 2147483647;
			dstPath = "";
			dstSubfolderSpec = 13;
			files = (
				4F1E7E522E7FA48600ED93E7 /* BabyLogWidgetExtension.appex in Embed Foundation Extensions */,
			);
			name = "Embed Foundation Extensions";
			runOnlyForDeploymentPostprocessing = 0;
		};
/* End PBXCopyFilesBuildPhase section */

/* Begin PBXFileReference section */
		1145BA96CE7C562F167D513F /* Pods_BabyLogTests.framework */ = {isa = PBXFileReference; explicitFileType = wrapper.framework; includeInIndex = 0; path = Pods_BabyLogTests.framework; sourceTree = BUILT_PRODUCTS_DIR; };
		1BC6DF3140563F3C08086E57 /* Pods_BabyLog_BabyLogUITests.framework */ = {isa = PBXFileReference; explicitFileType = wrapper.framework; includeInIndex = 0; path = Pods_BabyLog_BabyLogUITests.framework; sourceTree = BUILT_PRODUCTS_DIR; };
		2DA25A26117C372DD26924D3 /* Pods-BabyLog-BabyLogUITests.release.xcconfig */ = {isa = PBXFileReference; includeInIndex = 1; lastKnownFileType = text.xcconfig; name = "Pods-BabyLog-BabyLogUITests.release.xcconfig"; path = "Target Support Files/Pods-BabyLog-BabyLogUITests/Pods-BabyLog-BabyLogUITests.release.xcconfig"; sourceTree = "<group>"; };
		3B1E038B50F00DC6804EA52A /* Pods-BabyLogTests.release.xcconfig */ = {isa = PBXFileReference; includeInIndex = 1; lastKnownFileType = text.xcconfig; name = "Pods-BabyLogTests.release.xcconfig"; path = "Target Support Files/Pods-BabyLogTests/Pods-BabyLogTests.release.xcconfig"; sourceTree = "<group>"; };
		4C978BC931604AF68F83361C /* Pods-BabyLogTests.debug.xcconfig */ = {isa = PBXFileReference; includeInIndex = 1; lastKnownFileType = text.xcconfig; name = "Pods-BabyLogTests.debug.xcconfig"; path = "Target Support Files/Pods-BabyLogTests/Pods-BabyLogTests.debug.xcconfig"; sourceTree = "<group>"; };
		4F1E7DDF2E72F85600ED93E7 /* BabyLog.app */ = {isa = PBXFileReference; explicitFileType = wrapper.application; includeInIndex = 0; path = BabyLog.app; sourceTree = BUILT_PRODUCTS_DIR; };
		4F1E7DE22E72F85600ED93E7 /* BabyLogApp.swift */ = {isa = PBXFileReference; lastKnownFileType = sourcecode.swift; path = BabyLogApp.swift; sourceTree = "<group>"; };
		4F1E7DE62E72F85800ED93E7 /* Assets.xcassets */ = {isa = PBXFileReference; lastKnownFileType = folder.assetcatalog; path = Assets.xcassets; sourceTree = "<group>"; };
		4F1E7DE92E72F85800ED93E7 /* Preview Assets.xcassets */ = {isa = PBXFileReference; lastKnownFileType = folder.assetcatalog; path = "Preview Assets.xcassets"; sourceTree = "<group>"; };
		4F1E7DEB2E72F85800ED93E7 /* Persistence.swift */ = {isa = PBXFileReference; lastKnownFileType = sourcecode.swift; path = Persistence.swift; sourceTree = "<group>"; };
		4F1E7DEE2E72F85800ED93E7 /* BabyLog.xcdatamodel */ = {isa = PBXFileReference; lastKnownFileType = wrapper.xcdatamodel; path = BabyLog.xcdatamodel; sourceTree = "<group>"; };
		4F1E7DF42E72F85800ED93E7 /* BabyLogTests.xctest */ = {isa = PBXFileReference; explicitFileType = wrapper.cfbundle; includeInIndex = 0; path = BabyLogTests.xctest; sourceTree = BUILT_PRODUCTS_DIR; };
		4F1E7DF82E72F85800ED93E7 /* BabyLogTests.swift */ = {isa = PBXFileReference; lastKnownFileType = sourcecode.swift; path = BabyLogTests.swift; sourceTree = "<group>"; };
		4F1E7DFE2E72F85800ED93E7 /* BabyLogUITests.xctest */ = {isa = PBXFileReference; explicitFileType = wrapper.cfbundle; includeInIndex = 0; path = BabyLogUITests.xctest; sourceTree = BUILT_PRODUCTS_DIR; };
		4F1E7E022E72F85800ED93E7 /* BabyLogUITests.swift */ = {isa = PBXFileReference; lastKnownFileType = sourcecode.swift; path = BabyLogUITests.swift; sourceTree = "<group>"; };
		4F1E7E042E72F85800ED93E7 /* BabyLogUITestsLaunchTests.swift */ = {isa = PBXFileReference; lastKnownFileType = sourcecode.swift; path = BabyLogUITestsLaunchTests.swift; sourceTree = "<group>"; };
		4F1E7E162E72F9ED00ED93E7 /* CoreEnums.swift */ = {isa = PBXFileReference; lastKnownFileType = sourcecode.swift; path = CoreEnums.swift; sourceTree = "<group>"; };
		4F1E7E1A2E72FA1500ED93E7 /* CareEvent.swift */ = {isa = PBXFileReference; lastKnownFileType = sourcecode.swift; path = CareEvent.swift; sourceTree = "<group>"; };
		4F1E7E1D2E72FAB900ED93E7 /* RootView.swift */ = {isa = PBXFileReference; lastKnownFileType = sourcecode.swift; path = RootView.swift; sourceTree = "<group>"; };
		4F1E7E1F2E72FB2B00ED93E7 /* OnboardingNewBabyView.swift */ = {isa = PBXFileReference; lastKnownFileType = sourcecode.swift; path = OnboardingNewBabyView.swift; sourceTree = "<group>"; };
		4F1E7E212E72FB8E00ED93E7 /* TimelineView.swift */ = {isa = PBXFileReference; lastKnownFileType = sourcecode.swift; path = TimelineView.swift; sourceTree = "<group>"; };
		4F1E7E232E72FE9000ED93E7 /* EventRowView.swift */ = {isa = PBXFileReference; lastKnownFileType = sourcecode.swift; path = EventRowView.swift; sourceTree = "<group>"; };
		4F1E7E252E72FF7400ED93E7 /* AddEventView.swift */ = {isa = PBXFileReference; lastKnownFileType = sourcecode.swift; path = AddEventView.swift; sourceTree = "<group>"; };
		4F1E7E2B2E74530300ED93E7 /* EmptyStateView.swift */ = {isa = PBXFileReference; lastKnownFileType = sourcecode.swift; path = EmptyStateView.swift; sourceTree = "<group>"; };
		4F1E7E2D2E7454BB00ED93E7 /* PreviewPersistence.swift */ = {isa = PBXFileReference; lastKnownFileType = sourcecode.swift; path = PreviewPersistence.swift; sourceTree = "<group>"; };
		4F1E7E2F2E75A12500ED93E7 /* BabyLog.swift */ = {isa = PBXFileReference; lastKnownFileType = sourcecode.swift; path = BabyLog.swift; sourceTree = "<group>"; };
		4F1E7E312E7A87C600ED93E7 /* EditEventTimeView.swift */ = {isa = PBXFileReference; lastKnownFileType = sourcecode.swift; path = EditEventTimeView.swift; sourceTree = "<group>"; };
		4F1E7E332E7F8C5000ED93E7 /* WeeklyOverviewView.swift */ = {isa = PBXFileReference; lastKnownFileType = sourcecode.swift; path = WeeklyOverviewView.swift; sourceTree = "<group>"; };
		4F1E7E352E7F93C000ED93E7 /* ChartsGroupedBars.swift */ = {isa = PBXFileReference; lastKnownFileType = sourcecode.swift; path = ChartsGroupedBars.swift; sourceTree = "<group>"; };
		4F1E7E372E7F960E00ED93E7 /* FallbackBars.swift */ = {isa = PBXFileReference; lastKnownFileType = sourcecode.swift; path = FallbackBars.swift; sourceTree = "<group>"; };
		4F1E7E3D2E7FA48300ED93E7 /* BabyLogWidgetExtension.appex */ = {isa = PBXFileReference; explicitFileType = "wrapper.app-extension"; includeInIndex = 0; path = BabyLogWidgetExtension.appex; sourceTree = BUILT_PRODUCTS_DIR; };
		4F1E7E3F2E7FA48300ED93E7 /* WidgetKit.framework */ = {isa = PBXFileReference; lastKnownFileType = wrapper.framework; name = WidgetKit.framework; path = System/Library/Frameworks/WidgetKit.framework; sourceTree = SDKROOT; };
		4F1E7E412E7FA48400ED93E7 /* SwiftUI.framework */ = {isa = PBXFileReference; lastKnownFileType = wrapper.framework; name = SwiftUI.framework; path = System/Library/Frameworks/SwiftUI.framework; sourceTree = SDKROOT; };
		4F1E7E442E7FA48400ED93E7 /* BabyLogWidgetBundle.swift */ = {isa = PBXFileReference; lastKnownFileType = sourcecode.swift; path = BabyLogWidgetBundle.swift; sourceTree = "<group>"; };
		4F1E7E462E7FA48400ED93E7 /* BabyLogWidgetLiveActivity.swift */ = {isa = PBXFileReference; lastKnownFileType = sourcecode.swift; path = BabyLogWidgetLiveActivity.swift; sourceTree = "<group>"; };
		4F1E7E482E7FA48400ED93E7 /* BabyLogElapsedWidget.swift */ = {isa = PBXFileReference; lastKnownFileType = sourcecode.swift; path = BabyLogElapsedWidget.swift; sourceTree = "<group>"; };
		4F1E7E4A2E7FA48400ED93E7 /* BabyLogWidget.intentdefinition */ = {isa = PBXFileReference; lastKnownFileType = file.intentdefinition; path = BabyLogWidget.intentdefinition; sourceTree = "<group>"; };
		4F1E7E4B2E7FA48600ED93E7 /* Assets.xcassets */ = {isa = PBXFileReference; lastKnownFileType = folder.assetcatalog; path = Assets.xcassets; sourceTree = "<group>"; };
		4F1E7E4D2E7FA48600ED93E7 /* Info.plist */ = {isa = PBXFileReference; lastKnownFileType = text.plist.xml; path = Info.plist; sourceTree = "<group>"; };
		4F1E7E572E7FA72300ED93E7 /* Routing.swift */ = {isa = PBXFileReference; lastKnownFileType = sourcecode.swift; path = Routing.swift; sourceTree = "<group>"; };
		4F1E7E5A2E7FAB4800ED93E7 /* BabyLogTodayWidget.swift */ = {isa = PBXFileReference; lastKnownFileType = sourcecode.swift; path = BabyLogTodayWidget.swift; sourceTree = "<group>"; };
		4F1E7E5D2E7FBA1000ED93E7 /* BabyLog.entitlements */ = {isa = PBXFileReference; lastKnownFileType = text.plist.entitlements; path = BabyLog.entitlements; sourceTree = "<group>"; };
		4F1E7E6B2E8195D100ED93E7 /* MetricChipView.swift */ = {isa = PBXFileReference; lastKnownFileType = sourcecode.swift; path = MetricChipView.swift; sourceTree = "<group>"; };
		4F1E7E792E819E4A00ED93E7 /* DailySummary.swift */ = {isa = PBXFileReference; lastKnownFileType = sourcecode.swift; path = DailySummary.swift; sourceTree = "<group>"; };
		4F1E7E7B2E819E5B00ED93E7 /* BabyLogDailySummaryWidget.swift */ = {isa = PBXFileReference; lastKnownFileType = sourcecode.swift; path = BabyLogDailySummaryWidget.swift; sourceTree = "<group>"; };
		4F1E7E7D2E819ED900ED93E7 /* DailySummaryWidgetChipView.swift */ = {isa = PBXFileReference; lastKnownFileType = sourcecode.swift; path = DailySummaryWidgetChipView.swift; sourceTree = "<group>"; };
		4F1E7E822E81A19200ED93E7 /* BabyLogQuickAddWIdget.swift */ = {isa = PBXFileReference; lastKnownFileType = sourcecode.swift; path = BabyLogQuickAddWIdget.swift; sourceTree = "<group>"; };
		4F1E7E892E823F9900ED93E7 /* BannerView.swift */ = {isa = PBXFileReference; lastKnownFileType = sourcecode.swift; path = BannerView.swift; sourceTree = "<group>"; };
		4F1E7E8B2E823FC800ED93E7 /* AppOpenAdManager.swift */ = {isa = PBXFileReference; lastKnownFileType = sourcecode.swift; path = AppOpenAdManager.swift; sourceTree = "<group>"; };
		4F1E7E8D2E82400600ED93E7 /* AdsConfig.swift */ = {isa = PBXFileReference; lastKnownFileType = sourcecode.swift; path = AdsConfig.swift; sourceTree = "<group>"; };
		4F1E7E8F2E82404B00ED93E7 /* AppDelegate.swift */ = {isa = PBXFileReference; lastKnownFileType = sourcecode.swift; path = AppDelegate.swift; sourceTree = "<group>"; };
		4F1E7E912E8240EA00ED93E7 /* Info.plist */ = {isa = PBXFileReference; lastKnownFileType = text.plist; path = Info.plist; sourceTree = "<group>"; };
		4F1E7E922E82433A00ED93E7 /* AddQuickLockWidgetView.swift */ = {isa = PBXFileReference; lastKnownFileType = sourcecode.swift; path = AddQuickLockWidgetView.swift; sourceTree = "<group>"; };
		4F1E7E952E82434900ED93E7 /* AddQuickHomeWidgetView.swift */ = {isa = PBXFileReference; lastKnownFileType = sourcecode.swift; path = AddQuickHomeWidgetView.swift; sourceTree = "<group>"; };
		4F1E7E982E82925500ED93E7 /* LastValueProvider.swift */ = {isa = PBXFileReference; lastKnownFileType = sourcecode.swift; path = LastValueProvider.swift; sourceTree = "<group>"; };
		4F1E7EA02E83DA9500ED93E7 /* WindowAccessor.swift */ = {isa = PBXFileReference; lastKnownFileType = sourcecode.swift; path = WindowAccessor.swift; sourceTree = "<group>"; };
		626847689FF55B1FA78F1CE5 /* Pods-BabyLog.debug.xcconfig */ = {isa = PBXFileReference; includeInIndex = 1; lastKnownFileType = text.xcconfig; name = "Pods-BabyLog.debug.xcconfig"; path = "Target Support Files/Pods-BabyLog/Pods-BabyLog.debug.xcconfig"; sourceTree = "<group>"; };
		6EF63560F475858D94D772F7 /* Pods-BabyLogWidgetExtension.release.xcconfig */ = {isa = PBXFileReference; includeInIndex = 1; lastKnownFileType = text.xcconfig; name = "Pods-BabyLogWidgetExtension.release.xcconfig"; path = "Target Support Files/Pods-BabyLogWidgetExtension/Pods-BabyLogWidgetExtension.release.xcconfig"; sourceTree = "<group>"; };
		705EE50D7EAA93CFC8C21478 /* Pods-BabyLog.release.xcconfig */ = {isa = PBXFileReference; includeInIndex = 1; lastKnownFileType = text.xcconfig; name = "Pods-BabyLog.release.xcconfig"; path = "Target Support Files/Pods-BabyLog/Pods-BabyLog.release.xcconfig"; sourceTree = "<group>"; };
		7B80168F7CAE8B23DEACF52E /* Pods-BabyLogWidgetExtension.debug.xcconfig */ = {isa = PBXFileReference; includeInIndex = 1; lastKnownFileType = text.xcconfig; name = "Pods-BabyLogWidgetExtension.debug.xcconfig"; path = "Target Support Files/Pods-BabyLogWidgetExtension/Pods-BabyLogWidgetExtension.debug.xcconfig"; sourceTree = "<group>"; };
		C55783BC8BD1105BE44DF80C /* Pods_BabyLogWidgetExtension.framework */ = {isa = PBXFileReference; explicitFileType = wrapper.framework; includeInIndex = 0; path = Pods_BabyLogWidgetExtension.framework; sourceTree = BUILT_PRODUCTS_DIR; };
		C95BE3C313C4475EA3A9F0A8 /* Pods_BabyLog.framework */ = {isa = PBXFileReference; explicitFileType = wrapper.framework; includeInIndex = 0; path = Pods_BabyLog.framework; sourceTree = BUILT_PRODUCTS_DIR; };
		F17FBFA9E9739D1156F691E6 /* Pods-BabyLog-BabyLogUITests.debug.xcconfig */ = {isa = PBXFileReference; includeInIndex = 1; lastKnownFileType = text.xcconfig; name = "Pods-BabyLog-BabyLogUITests.debug.xcconfig"; path = "Target Support Files/Pods-BabyLog-BabyLogUITests/Pods-BabyLog-BabyLogUITests.debug.xcconfig"; sourceTree = "<group>"; };
/* End PBXFileReference section */

/* Begin PBXFrameworksBuildPhase section */
		4F1E7DDC2E72F85600ED93E7 /* Frameworks */ = {
			isa = PBXFrameworksBuildPhase;
			buildActionMask = 2147483647;
			files = (
				DF562AE97A46FCF532F73C6A /* Pods_BabyLog.framework in Frameworks */,
			);
			runOnlyForDeploymentPostprocessing = 0;
		};
		4F1E7DF12E72F85800ED93E7 /* Frameworks */ = {
			isa = PBXFrameworksBuildPhase;
			buildActionMask = 2147483647;
			files = (
				6142173D49D29F1CB7CC28ED /* Pods_BabyLogTests.framework in Frameworks */,
			);
			runOnlyForDeploymentPostprocessing = 0;
		};
		4F1E7DFB2E72F85800ED93E7 /* Frameworks */ = {
			isa = PBXFrameworksBuildPhase;
			buildActionMask = 2147483647;
			files = (
				4539E5F7C8ECF3690EC13997 /* Pods_BabyLog_BabyLogUITests.framework in Frameworks */,
			);
			runOnlyForDeploymentPostprocessing = 0;
		};
		4F1E7E3A2E7FA48300ED93E7 /* Frameworks */ = {
			isa = PBXFrameworksBuildPhase;
			buildActionMask = 2147483647;
			files = (
				4F1E7E422E7FA48400ED93E7 /* SwiftUI.framework in Frameworks */,
				4F1E7E402E7FA48400ED93E7 /* WidgetKit.framework in Frameworks */,
				B16A1EE7C9F3CCBD189D09FB /* Pods_BabyLogWidgetExtension.framework in Frameworks */,
			);
			runOnlyForDeploymentPostprocessing = 0;
		};
/* End PBXFrameworksBuildPhase section */

/* Begin PBXGroup section */
		4F1E7DD62E72F85600ED93E7 = {
			isa = PBXGroup;
			children = (
				4F1E7DE12E72F85600ED93E7 /* BabyLog */,
				4F1E7DF72E72F85800ED93E7 /* BabyLogTests */,
				4F1E7E012E72F85800ED93E7 /* BabyLogUITests */,
				4F1E7E432E7FA48400ED93E7 /* BabyLogWidget */,
				4F1E7E3E2E7FA48300ED93E7 /* Frameworks */,
				4F1E7DE02E72F85600ED93E7 /* Products */,
				67EEC1DE8F2DE51674288E38 /* Pods */,
			);
			sourceTree = "<group>";
		};
		4F1E7DE02E72F85600ED93E7 /* Products */ = {
			isa = PBXGroup;
			children = (
				4F1E7DDF2E72F85600ED93E7 /* BabyLog.app */,
				4F1E7DF42E72F85800ED93E7 /* BabyLogTests.xctest */,
				4F1E7DFE2E72F85800ED93E7 /* BabyLogUITests.xctest */,
				4F1E7E3D2E7FA48300ED93E7 /* BabyLogWidgetExtension.appex */,
			);
			name = Products;
			sourceTree = "<group>";
		};
		4F1E7DE12E72F85600ED93E7 /* BabyLog */ = {
			isa = PBXGroup;
			children = (
				4F1E7E912E8240EA00ED93E7 /* Info.plist */,
				4F1E7E5D2E7FBA1000ED93E7 /* BabyLog.entitlements */,
				4F1E7E1C2E72FAAB00ED93E7 /* Presentation */,
				4F1E7E112E72F86500ED93E7 /* Model */,
				4F1E7DE22E72F85600ED93E7 /* BabyLogApp.swift */,
				4F1E7DE62E72F85800ED93E7 /* Assets.xcassets */,
				4F1E7DEB2E72F85800ED93E7 /* Persistence.swift */,
				4F1E7DED2E72F85800ED93E7 /* BabyLog.xcdatamodeld */,
				4F1E7DE82E72F85800ED93E7 /* Preview Content */,
			);
			path = BabyLog;
			sourceTree = "<group>";
		};
		4F1E7DE82E72F85800ED93E7 /* Preview Content */ = {
			isa = PBXGroup;
			children = (
				4F1E7DE92E72F85800ED93E7 /* Preview Assets.xcassets */,
			);
			path = "Preview Content";
			sourceTree = "<group>";
		};
		4F1E7DF72E72F85800ED93E7 /* BabyLogTests */ = {
			isa = PBXGroup;
			children = (
				4F1E7DF82E72F85800ED93E7 /* BabyLogTests.swift */,
			);
			path = BabyLogTests;
			sourceTree = "<group>";
		};
		4F1E7E012E72F85800ED93E7 /* BabyLogUITests */ = {
			isa = PBXGroup;
			children = (
				4F1E7E022E72F85800ED93E7 /* BabyLogUITests.swift */,
				4F1E7E042E72F85800ED93E7 /* BabyLogUITestsLaunchTests.swift */,
			);
			path = BabyLogUITests;
			sourceTree = "<group>";
		};
		4F1E7E112E72F86500ED93E7 /* Model */ = {
			isa = PBXGroup;
			children = (
				4F1E7E1A2E72FA1500ED93E7 /* CareEvent.swift */,
				4F1E7E162E72F9ED00ED93E7 /* CoreEnums.swift */,
				4F1E7E2F2E75A12500ED93E7 /* BabyLog.swift */,
				4F1E7E572E7FA72300ED93E7 /* Routing.swift */,
				4F1E7E792E819E4A00ED93E7 /* DailySummary.swift */,
				4F1E7E8B2E823FC800ED93E7 /* AppOpenAdManager.swift */,
				4F1E7E8D2E82400600ED93E7 /* AdsConfig.swift */,
				4F1E7E982E82925500ED93E7 /* LastValueProvider.swift */,
			);
			path = Model;
			sourceTree = "<group>";
		};
		4F1E7E1C2E72FAAB00ED93E7 /* Presentation */ = {
			isa = PBXGroup;
			children = (
				4F1E7E1D2E72FAB900ED93E7 /* RootView.swift */,
				4F1E7E352E7F93C000ED93E7 /* ChartsGroupedBars.swift */,
				4F1E7E332E7F8C5000ED93E7 /* WeeklyOverviewView.swift */,
				4F1E7E6B2E8195D100ED93E7 /* MetricChipView.swift */,
				4F1E7E372E7F960E00ED93E7 /* FallbackBars.swift */,
				4F1E7E212E72FB8E00ED93E7 /* TimelineView.swift */,
				4F1E7E312E7A87C600ED93E7 /* EditEventTimeView.swift */,
				4F1E7E232E72FE9000ED93E7 /* EventRowView.swift */,
				4F1E7E7D2E819ED900ED93E7 /* DailySummaryWidgetChipView.swift */,
				4F1E7E2B2E74530300ED93E7 /* EmptyStateView.swift */,
				4F1E7E252E72FF7400ED93E7 /* AddEventView.swift */,
				4F1E7E2D2E7454BB00ED93E7 /* PreviewPersistence.swift */,
				4F1E7E1F2E72FB2B00ED93E7 /* OnboardingNewBabyView.swift */,
				4F1E7E892E823F9900ED93E7 /* BannerView.swift */,
				4F1E7E8F2E82404B00ED93E7 /* AppDelegate.swift */,
				4F1E7E922E82433A00ED93E7 /* AddQuickLockWidgetView.swift */,
				4F1E7E952E82434900ED93E7 /* AddQuickHomeWidgetView.swift */,
				4F1E7EA02E83DA9500ED93E7 /* WindowAccessor.swift */,
			);
			path = Presentation;
			sourceTree = "<group>";
		};
		4F1E7E3E2E7FA48300ED93E7 /* Frameworks */ = {
			isa = PBXGroup;
			children = (
				4F1E7E3F2E7FA48300ED93E7 /* WidgetKit.framework */,
				4F1E7E412E7FA48400ED93E7 /* SwiftUI.framework */,
				C95BE3C313C4475EA3A9F0A8 /* Pods_BabyLog.framework */,
				1BC6DF3140563F3C08086E57 /* Pods_BabyLog_BabyLogUITests.framework */,
				1145BA96CE7C562F167D513F /* Pods_BabyLogTests.framework */,
				C55783BC8BD1105BE44DF80C /* Pods_BabyLogWidgetExtension.framework */,
			);
			name = Frameworks;
			sourceTree = "<group>";
		};
		4F1E7E432E7FA48400ED93E7 /* BabyLogWidget */ = {
			isa = PBXGroup;
			children = (
				4F1E7E442E7FA48400ED93E7 /* BabyLogWidgetBundle.swift */,
				4F1E7E462E7FA48400ED93E7 /* BabyLogWidgetLiveActivity.swift */,
				4F1E7E822E81A19200ED93E7 /* BabyLogQuickAddWIdget.swift */,
				4F1E7E482E7FA48400ED93E7 /* BabyLogElapsedWidget.swift */,
				4F1E7E5A2E7FAB4800ED93E7 /* BabyLogTodayWidget.swift */,
				4F1E7E7B2E819E5B00ED93E7 /* BabyLogDailySummaryWidget.swift */,
				4F1E7E4A2E7FA48400ED93E7 /* BabyLogWidget.intentdefinition */,
				4F1E7E4B2E7FA48600ED93E7 /* Assets.xcassets */,
				4F1E7E4D2E7FA48600ED93E7 /* Info.plist */,
			);
			path = BabyLogWidget;
			sourceTree = "<group>";
		};
		67EEC1DE8F2DE51674288E38 /* Pods */ = {
			isa = PBXGroup;
			children = (
				626847689FF55B1FA78F1CE5 /* Pods-BabyLog.debug.xcconfig */,
				705EE50D7EAA93CFC8C21478 /* Pods-BabyLog.release.xcconfig */,
				F17FBFA9E9739D1156F691E6 /* Pods-BabyLog-BabyLogUITests.debug.xcconfig */,
				2DA25A26117C372DD26924D3 /* Pods-BabyLog-BabyLogUITests.release.xcconfig */,
				4C978BC931604AF68F83361C /* Pods-BabyLogTests.debug.xcconfig */,
				3B1E038B50F00DC6804EA52A /* Pods-BabyLogTests.release.xcconfig */,
				7B80168F7CAE8B23DEACF52E /* Pods-BabyLogWidgetExtension.debug.xcconfig */,
				6EF63560F475858D94D772F7 /* Pods-BabyLogWidgetExtension.release.xcconfig */,
			);
			path = Pods;
			sourceTree = "<group>";
		};
/* End PBXGroup section */

/* Begin PBXNativeTarget section */
		4F1E7DDE2E72F85600ED93E7 /* BabyLog */ = {
			isa = PBXNativeTarget;
			buildConfigurationList = 4F1E7E082E72F85800ED93E7 /* Build configuration list for PBXNativeTarget "BabyLog" */;
			buildPhases = (
				BFEE77C213DF80B91313BD9C /* [CP] Check Pods Manifest.lock */,
				4F1E7DDB2E72F85600ED93E7 /* Sources */,
				4F1E7DDC2E72F85600ED93E7 /* Frameworks */,
				4F1E7DDD2E72F85600ED93E7 /* Resources */,
				4F1E7E562E7FA48600ED93E7 /* Embed Foundation Extensions */,
				552061BAF48E5E1C2E37ADD8 /* [CP] Copy Pods Resources */,
			);
			buildRules = (
			);
			dependencies = (
				4F1E7E512E7FA48600ED93E7 /* PBXTargetDependency */,
			);
			name = BabyLog;
			productName = BabyLog;
			productReference = 4F1E7DDF2E72F85600ED93E7 /* BabyLog.app */;
			productType = "com.apple.product-type.application";
		};
		4F1E7DF32E72F85800ED93E7 /* BabyLogTests */ = {
			isa = PBXNativeTarget;
			buildConfigurationList = 4F1E7E0B2E72F85800ED93E7 /* Build configuration list for PBXNativeTarget "BabyLogTests" */;
			buildPhases = (
				4A5AE92D589DF30DF7B0D929 /* [CP] Check Pods Manifest.lock */,
				4F1E7DF02E72F85800ED93E7 /* Sources */,
				4F1E7DF12E72F85800ED93E7 /* Frameworks */,
				4F1E7DF22E72F85800ED93E7 /* Resources */,
			);
			buildRules = (
			);
			dependencies = (
				4F1E7DF62E72F85800ED93E7 /* PBXTargetDependency */,
			);
			name = BabyLogTests;
			productName = BabyLogTests;
			productReference = 4F1E7DF42E72F85800ED93E7 /* BabyLogTests.xctest */;
			productType = "com.apple.product-type.bundle.unit-test";
		};
		4F1E7DFD2E72F85800ED93E7 /* BabyLogUITests */ = {
			isa = PBXNativeTarget;
			buildConfigurationList = 4F1E7E0E2E72F85800ED93E7 /* Build configuration list for PBXNativeTarget "BabyLogUITests" */;
			buildPhases = (
				C96DA2FEB5D89991CC0915FA /* [CP] Check Pods Manifest.lock */,
				4F1E7DFA2E72F85800ED93E7 /* Sources */,
				4F1E7DFB2E72F85800ED93E7 /* Frameworks */,
				4F1E7DFC2E72F85800ED93E7 /* Resources */,
				3855CA54D16311E70031A50A /* [CP] Copy Pods Resources */,
			);
			buildRules = (
			);
			dependencies = (
				4F1E7E002E72F85800ED93E7 /* PBXTargetDependency */,
			);
			name = BabyLogUITests;
			productName = BabyLogUITests;
			productReference = 4F1E7DFE2E72F85800ED93E7 /* BabyLogUITests.xctest */;
			productType = "com.apple.product-type.bundle.ui-testing";
		};
		4F1E7E3C2E7FA48300ED93E7 /* BabyLogWidgetExtension */ = {
			isa = PBXNativeTarget;
			buildConfigurationList = 4F1E7E532E7FA48600ED93E7 /* Build configuration list for PBXNativeTarget "BabyLogWidgetExtension" */;
			buildPhases = (
				D567D440F198C848E8A2A9FB /* [CP] Check Pods Manifest.lock */,
				4F1E7E392E7FA48300ED93E7 /* Sources */,
				4F1E7E3A2E7FA48300ED93E7 /* Frameworks */,
				4F1E7E3B2E7FA48300ED93E7 /* Resources */,
			);
			buildRules = (
			);
			dependencies = (
			);
			name = BabyLogWidgetExtension;
			productName = BabyLogWidgetExtension;
			productReference = 4F1E7E3D2E7FA48300ED93E7 /* BabyLogWidgetExtension.appex */;
			productType = "com.apple.product-type.app-extension";
		};
/* End PBXNativeTarget section */

/* Begin PBXProject section */
		4F1E7DD72E72F85600ED93E7 /* Project object */ = {
			isa = PBXProject;
			attributes = {
				BuildIndependentTargetsInParallel = 1;
				LastSwiftUpdateCheck = 1420;
				LastUpgradeCheck = 1420;
				TargetAttributes = {
					4F1E7DDE2E72F85600ED93E7 = {
						CreatedOnToolsVersion = 14.2;
					};
					4F1E7DF32E72F85800ED93E7 = {
						CreatedOnToolsVersion = 14.2;
						TestTargetID = 4F1E7DDE2E72F85600ED93E7;
					};
					4F1E7DFD2E72F85800ED93E7 = {
						CreatedOnToolsVersion = 14.2;
						TestTargetID = 4F1E7DDE2E72F85600ED93E7;
					};
					4F1E7E3C2E7FA48300ED93E7 = {
						CreatedOnToolsVersion = 14.2;
					};
				};
			};
			buildConfigurationList = 4F1E7DDA2E72F85600ED93E7 /* Build configuration list for PBXProject "BabyLog" */;
			compatibilityVersion = "Xcode 14.0";
			developmentRegion = en;
			hasScannedForEncodings = 0;
			knownRegions = (
				en,
				Base,
			);
			mainGroup = 4F1E7DD62E72F85600ED93E7;
			productRefGroup = 4F1E7DE02E72F85600ED93E7 /* Products */;
			projectDirPath = "";
			projectRoot = "";
			targets = (
				4F1E7DDE2E72F85600ED93E7 /* BabyLog */,
				4F1E7DF32E72F85800ED93E7 /* BabyLogTests */,
				4F1E7DFD2E72F85800ED93E7 /* BabyLogUITests */,
				4F1E7E3C2E7FA48300ED93E7 /* BabyLogWidgetExtension */,
			);
		};
/* End PBXProject section */

/* Begin PBXResourcesBuildPhase section */
		4F1E7DDD2E72F85600ED93E7 /* Resources */ = {
			isa = PBXResourcesBuildPhase;
			buildActionMask = 2147483647;
			files = (
				4F1E7DEA2E72F85800ED93E7 /* Preview Assets.xcassets in Resources */,
				4F1E7DE72E72F85800ED93E7 /* Assets.xcassets in Resources */,
			);
			runOnlyForDeploymentPostprocessing = 0;
		};
		4F1E7DF22E72F85800ED93E7 /* Resources */ = {
			isa = PBXResourcesBuildPhase;
			buildActionMask = 2147483647;
			files = (
			);
			runOnlyForDeploymentPostprocessing = 0;
		};
		4F1E7DFC2E72F85800ED93E7 /* Resources */ = {
			isa = PBXResourcesBuildPhase;
			buildActionMask = 2147483647;
			files = (
			);
			runOnlyForDeploymentPostprocessing = 0;
		};
		4F1E7E3B2E7FA48300ED93E7 /* Resources */ = {
			isa = PBXResourcesBuildPhase;
			buildActionMask = 2147483647;
			files = (
				4F1E7E4C2E7FA48600ED93E7 /* Assets.xcassets in Resources */,
			);
			runOnlyForDeploymentPostprocessing = 0;
		};
/* End PBXResourcesBuildPhase section */

/* Begin PBXShellScriptBuildPhase section */
		3855CA54D16311E70031A50A /* [CP] Copy Pods Resources */ = {
			isa = PBXShellScriptBuildPhase;
			buildActionMask = 2147483647;
			files = (
			);
			inputFileListPaths = (
				"${PODS_ROOT}/Target Support Files/Pods-BabyLog-BabyLogUITests/Pods-BabyLog-BabyLogUITests-resources-${CONFIGURATION}-input-files.xcfilelist",
			);
			name = "[CP] Copy Pods Resources";
			outputFileListPaths = (
				"${PODS_ROOT}/Target Support Files/Pods-BabyLog-BabyLogUITests/Pods-BabyLog-BabyLogUITests-resources-${CONFIGURATION}-output-files.xcfilelist",
			);
			runOnlyForDeploymentPostprocessing = 0;
			shellPath = /bin/sh;
			shellScript = "\"${PODS_ROOT}/Target Support Files/Pods-BabyLog-BabyLogUITests/Pods-BabyLog-BabyLogUITests-resources.sh\"\n";
			showEnvVarsInLog = 0;
		};
		4A5AE92D589DF30DF7B0D929 /* [CP] Check Pods Manifest.lock */ = {
			isa = PBXShellScriptBuildPhase;
			buildActionMask = 2147483647;
			files = (
			);
			inputFileListPaths = (
			);
			inputPaths = (
				"${PODS_PODFILE_DIR_PATH}/Podfile.lock",
				"${PODS_ROOT}/Manifest.lock",
			);
			name = "[CP] Check Pods Manifest.lock";
			outputFileListPaths = (
			);
			outputPaths = (
				"$(DERIVED_FILE_DIR)/Pods-BabyLogTests-checkManifestLockResult.txt",
			);
			runOnlyForDeploymentPostprocessing = 0;
			shellPath = /bin/sh;
			shellScript = "diff \"${PODS_PODFILE_DIR_PATH}/Podfile.lock\" \"${PODS_ROOT}/Manifest.lock\" > /dev/null\nif [ $? != 0 ] ; then\n    # print error to STDERR\n    echo \"error: The sandbox is not in sync with the Podfile.lock. Run 'pod install' or update your CocoaPods installation.\" >&2\n    exit 1\nfi\n# This output is used by Xcode 'outputs' to avoid re-running this script phase.\necho \"SUCCESS\" > \"${SCRIPT_OUTPUT_FILE_0}\"\n";
			showEnvVarsInLog = 0;
		};
		552061BAF48E5E1C2E37ADD8 /* [CP] Copy Pods Resources */ = {
			isa = PBXShellScriptBuildPhase;
			buildActionMask = 2147483647;
			files = (
			);
			inputFileListPaths = (
				"${PODS_ROOT}/Target Support Files/Pods-BabyLog/Pods-BabyLog-resources-${CONFIGURATION}-input-files.xcfilelist",
			);
			name = "[CP] Copy Pods Resources";
			outputFileListPaths = (
				"${PODS_ROOT}/Target Support Files/Pods-BabyLog/Pods-BabyLog-resources-${CONFIGURATION}-output-files.xcfilelist",
			);
			runOnlyForDeploymentPostprocessing = 0;
			shellPath = /bin/sh;
			shellScript = "\"${PODS_ROOT}/Target Support Files/Pods-BabyLog/Pods-BabyLog-resources.sh\"\n";
			showEnvVarsInLog = 0;
		};
		BFEE77C213DF80B91313BD9C /* [CP] Check Pods Manifest.lock */ = {
			isa = PBXShellScriptBuildPhase;
			buildActionMask = 2147483647;
			files = (
			);
			inputFileListPaths = (
			);
			inputPaths = (
				"${PODS_PODFILE_DIR_PATH}/Podfile.lock",
				"${PODS_ROOT}/Manifest.lock",
			);
			name = "[CP] Check Pods Manifest.lock";
			outputFileListPaths = (
			);
			outputPaths = (
				"$(DERIVED_FILE_DIR)/Pods-BabyLog-checkManifestLockResult.txt",
			);
			runOnlyForDeploymentPostprocessing = 0;
			shellPath = /bin/sh;
			shellScript = "diff \"${PODS_PODFILE_DIR_PATH}/Podfile.lock\" \"${PODS_ROOT}/Manifest.lock\" > /dev/null\nif [ $? != 0 ] ; then\n    # print error to STDERR\n    echo \"error: The sandbox is not in sync with the Podfile.lock. Run 'pod install' or update your CocoaPods installation.\" >&2\n    exit 1\nfi\n# This output is used by Xcode 'outputs' to avoid re-running this script phase.\necho \"SUCCESS\" > \"${SCRIPT_OUTPUT_FILE_0}\"\n";
			showEnvVarsInLog = 0;
		};
		C96DA2FEB5D89991CC0915FA /* [CP] Check Pods Manifest.lock */ = {
			isa = PBXShellScriptBuildPhase;
			buildActionMask = 2147483647;
			files = (
			);
			inputFileListPaths = (
			);
			inputPaths = (
				"${PODS_PODFILE_DIR_PATH}/Podfile.lock",
				"${PODS_ROOT}/Manifest.lock",
			);
			name = "[CP] Check Pods Manifest.lock";
			outputFileListPaths = (
			);
			outputPaths = (
				"$(DERIVED_FILE_DIR)/Pods-BabyLog-BabyLogUITests-checkManifestLockResult.txt",
			);
			runOnlyForDeploymentPostprocessing = 0;
			shellPath = /bin/sh;
			shellScript = "diff \"${PODS_PODFILE_DIR_PATH}/Podfile.lock\" \"${PODS_ROOT}/Manifest.lock\" > /dev/null\nif [ $? != 0 ] ; then\n    # print error to STDERR\n    echo \"error: The sandbox is not in sync with the Podfile.lock. Run 'pod install' or update your CocoaPods installation.\" >&2\n    exit 1\nfi\n# This output is used by Xcode 'outputs' to avoid re-running this script phase.\necho \"SUCCESS\" > \"${SCRIPT_OUTPUT_FILE_0}\"\n";
			showEnvVarsInLog = 0;
		};
		D567D440F198C848E8A2A9FB /* [CP] Check Pods Manifest.lock */ = {
			isa = PBXShellScriptBuildPhase;
			buildActionMask = 2147483647;
			files = (
			);
			inputFileListPaths = (
			);
			inputPaths = (
				"${PODS_PODFILE_DIR_PATH}/Podfile.lock",
				"${PODS_ROOT}/Manifest.lock",
			);
			name = "[CP] Check Pods Manifest.lock";
			outputFileListPaths = (
			);
			outputPaths = (
				"$(DERIVED_FILE_DIR)/Pods-BabyLogWidgetExtension-checkManifestLockResult.txt",
			);
			runOnlyForDeploymentPostprocessing = 0;
			shellPath = /bin/sh;
			shellScript = "diff \"${PODS_PODFILE_DIR_PATH}/Podfile.lock\" \"${PODS_ROOT}/Manifest.lock\" > /dev/null\nif [ $? != 0 ] ; then\n    # print error to STDERR\n    echo \"error: The sandbox is not in sync with the Podfile.lock. Run 'pod install' or update your CocoaPods installation.\" >&2\n    exit 1\nfi\n# This output is used by Xcode 'outputs' to avoid re-running this script phase.\necho \"SUCCESS\" > \"${SCRIPT_OUTPUT_FILE_0}\"\n";
			showEnvVarsInLog = 0;
		};
/* End PBXShellScriptBuildPhase section */

/* Begin PBXSourcesBuildPhase section */
		4F1E7DDB2E72F85600ED93E7 /* Sources */ = {
			isa = PBXSourcesBuildPhase;
			buildActionMask = 2147483647;
			files = (
				4F1E7E1E2E72FAB900ED93E7 /* RootView.swift in Sources */,
				4F1E7E992E82925500ED93E7 /* LastValueProvider.swift in Sources */,
				4F1E7E6C2E8195D100ED93E7 /* MetricChipView.swift in Sources */,
				4F1E7DEF2E72F85800ED93E7 /* BabyLog.xcdatamodeld in Sources */,
				4F1E7E322E7A87C600ED93E7 /* EditEventTimeView.swift in Sources */,
				4F1E7E202E72FB2B00ED93E7 /* OnboardingNewBabyView.swift in Sources */,
				4F1E7E962E82434900ED93E7 /* AddQuickHomeWidgetView.swift in Sources */,
				4F1E7E222E72FB8E00ED93E7 /* TimelineView.swift in Sources */,
				4F1E7E7A2E819E4A00ED93E7 /* DailySummary.swift in Sources */,
				4F1E7E7C2E819E5B00ED93E7 /* BabyLogDailySummaryWidget.swift in Sources */,
				4F1E7E362E7F93C000ED93E7 /* ChartsGroupedBars.swift in Sources */,
				4F1E7E8E2E82400600ED93E7 /* AdsConfig.swift in Sources */,
				4F1E7DEC2E72F85800ED93E7 /* Persistence.swift in Sources */,
				4F1E7E4F2E7FA48600ED93E7 /* BabyLogWidget.intentdefinition in Sources */,
				4F1E7E932E82433A00ED93E7 /* AddQuickLockWidgetView.swift in Sources */,
				4F1E7E582E7FA72300ED93E7 /* Routing.swift in Sources */,
				4F1E7E2C2E74530300ED93E7 /* EmptyStateView.swift in Sources */,
				4F1E7E592E7FA8D500ED93E7 /* BabyLogElapsedWidget.swift in Sources */,
				4F1E7E8A2E823F9900ED93E7 /* BannerView.swift in Sources */,
				4F1E7E302E75A12500ED93E7 /* BabyLog.swift in Sources */,
				4F1E7E172E72F9ED00ED93E7 /* CoreEnums.swift in Sources */,
				4F1E7E902E82404B00ED93E7 /* AppDelegate.swift in Sources */,
				4F1E7E262E72FF7400ED93E7 /* AddEventView.swift in Sources */,
				4F1E7DE32E72F85600ED93E7 /* BabyLogApp.swift in Sources */,
				4F1E7E342E7F8C5000ED93E7 /* WeeklyOverviewView.swift in Sources */,
				4F1E7E5B2E7FAB4800ED93E7 /* BabyLogTodayWidget.swift in Sources */,
				4F1E7E832E81A19200ED93E7 /* BabyLogQuickAddWIdget.swift in Sources */,
				4F1E7E242E72FE9000ED93E7 /* EventRowView.swift in Sources */,
				4F1E7E2E2E7454BB00ED93E7 /* PreviewPersistence.swift in Sources */,
				4F1E7E8C2E823FC800ED93E7 /* AppOpenAdManager.swift in Sources */,
				4F1E7EA12E83DA9500ED93E7 /* WindowAccessor.swift in Sources */,
				4F1E7E1B2E72FA1500ED93E7 /* CareEvent.swift in Sources */,
				4F1E7E382E7F960E00ED93E7 /* FallbackBars.swift in Sources */,
				4F1E7E7E2E819ED900ED93E7 /* DailySummaryWidgetChipView.swift in Sources */,
			);
			runOnlyForDeploymentPostprocessing = 0;
		};
		4F1E7DF02E72F85800ED93E7 /* Sources */ = {
			isa = PBXSourcesBuildPhase;
			buildActionMask = 2147483647;
			files = (
				4F1E7DF92E72F85800ED93E7 /* BabyLogTests.swift in Sources */,
			);
			runOnlyForDeploymentPostprocessing = 0;
		};
		4F1E7DFA2E72F85800ED93E7 /* Sources */ = {
			isa = PBXSourcesBuildPhase;
			buildActionMask = 2147483647;
			files = (
				4F1E7E032E72F85800ED93E7 /* BabyLogUITests.swift in Sources */,
				4F1E7E052E72F85800ED93E7 /* BabyLogUITestsLaunchTests.swift in Sources */,
			);
			runOnlyForDeploymentPostprocessing = 0;
		};
		4F1E7E392E7FA48300ED93E7 /* Sources */ = {
			isa = PBXSourcesBuildPhase;
			buildActionMask = 2147483647;
			files = (
				4F1E7E972E82434D00ED93E7 /* AddQuickHomeWidgetView.swift in Sources */,
				4F1E7E602E7FBB2400ED93E7 /* BabyLog.swift in Sources */,
				4F1E7E942E82433D00ED93E7 /* AddQuickLockWidgetView.swift in Sources */,
				4F1E7E5C2E7FABA800ED93E7 /* BabyLogTodayWidget.swift in Sources */,
				4F1E7E812E819FCF00ED93E7 /* DailySummary.swift in Sources */,
				4F1E7E7F2E819EF400ED93E7 /* DailySummaryWidgetChipView.swift in Sources */,
				4F1E7E802E819F0200ED93E7 /* BabyLogDailySummaryWidget.swift in Sources */,
				4F1E7E452E7FA48400ED93E7 /* BabyLogWidgetBundle.swift in Sources */,
				4F1E7E5F2E7FBB1F00ED93E7 /* CoreEnums.swift in Sources */,
				4F1E7E872E823A1600ED93E7 /* BabyLogQuickAddWIdget.swift in Sources */,
				4F1E7E472E7FA48400ED93E7 /* BabyLogWidgetLiveActivity.swift in Sources */,
				4F1E7E862E82395F00ED93E7 /* Routing.swift in Sources */,
				4F1E7E5E2E7FBB1B00ED93E7 /* CareEvent.swift in Sources */,
				4F1E7E492E7FA48400ED93E7 /* BabyLogElapsedWidget.swift in Sources */,
				4F1E7E4E2E7FA48600ED93E7 /* BabyLogWidget.intentdefinition in Sources */,
			);
			runOnlyForDeploymentPostprocessing = 0;
		};
/* End PBXSourcesBuildPhase section */

/* Begin PBXTargetDependency section */
		4F1E7DF62E72F85800ED93E7 /* PBXTargetDependency */ = {
			isa = PBXTargetDependency;
			target = 4F1E7DDE2E72F85600ED93E7 /* BabyLog */;
			targetProxy = 4F1E7DF52E72F85800ED93E7 /* PBXContainerItemProxy */;
		};
		4F1E7E002E72F85800ED93E7 /* PBXTargetDependency */ = {
			isa = PBXTargetDependency;
			target = 4F1E7DDE2E72F85600ED93E7 /* BabyLog */;
			targetProxy = 4F1E7DFF2E72F85800ED93E7 /* PBXContainerItemProxy */;
		};
		4F1E7E512E7FA48600ED93E7 /* PBXTargetDependency */ = {
			isa = PBXTargetDependency;
			target = 4F1E7E3C2E7FA48300ED93E7 /* BabyLogWidgetExtension */;
			targetProxy = 4F1E7E502E7FA48600ED93E7 /* PBXContainerItemProxy */;
		};
/* End PBXTargetDependency section */

/* Begin XCBuildConfiguration section */
		4F1E7E062E72F85800ED93E7 /* Debug */ = {
			isa = XCBuildConfiguration;
			buildSettings = {
				ALWAYS_SEARCH_USER_PATHS = NO;
				CLANG_ANALYZER_NONNULL = YES;
				CLANG_ANALYZER_NUMBER_OBJECT_CONVERSION = YES_AGGRESSIVE;
				CLANG_CXX_LANGUAGE_STANDARD = "gnu++20";
				CLANG_ENABLE_MODULES = YES;
				CLANG_ENABLE_OBJC_ARC = YES;
				CLANG_ENABLE_OBJC_WEAK = YES;
				CLANG_WARN_BLOCK_CAPTURE_AUTORELEASING = YES;
				CLANG_WARN_BOOL_CONVERSION = YES;
				CLANG_WARN_COMMA = YES;
				CLANG_WARN_CONSTANT_CONVERSION = YES;
				CLANG_WARN_DEPRECATED_OBJC_IMPLEMENTATIONS = YES;
				CLANG_WARN_DIRECT_OBJC_ISA_USAGE = YES_ERROR;
				CLANG_WARN_DOCUMENTATION_COMMENTS = YES;
				CLANG_WARN_EMPTY_BODY = YES;
				CLANG_WARN_ENUM_CONVERSION = YES;
				CLANG_WARN_INFINITE_RECURSION = YES;
				CLANG_WARN_INT_CONVERSION = YES;
				CLANG_WARN_NON_LITERAL_NULL_CONVERSION = YES;
				CLANG_WARN_OBJC_IMPLICIT_RETAIN_SELF = YES;
				CLANG_WARN_OBJC_LITERAL_CONVERSION = YES;
				CLANG_WARN_OBJC_ROOT_CLASS = YES_ERROR;
				CLANG_WARN_QUOTED_INCLUDE_IN_FRAMEWORK_HEADER = YES;
				CLANG_WARN_RANGE_LOOP_ANALYSIS = YES;
				CLANG_WARN_STRICT_PROTOTYPES = YES;
				CLANG_WARN_SUSPICIOUS_MOVE = YES;
				CLANG_WARN_UNGUARDED_AVAILABILITY = YES_AGGRESSIVE;
				CLANG_WARN_UNREACHABLE_CODE = YES;
				CLANG_WARN__DUPLICATE_METHOD_MATCH = YES;
				COPY_PHASE_STRIP = NO;
				DEBUG_INFORMATION_FORMAT = dwarf;
				ENABLE_STRICT_OBJC_MSGSEND = YES;
				ENABLE_TESTABILITY = YES;
				GCC_C_LANGUAGE_STANDARD = gnu11;
				GCC_DYNAMIC_NO_PIC = NO;
				GCC_NO_COMMON_BLOCKS = YES;
				GCC_OPTIMIZATION_LEVEL = 0;
				GCC_PREPROCESSOR_DEFINITIONS = (
					"DEBUG=1",
					"$(inherited)",
				);
				GCC_WARN_64_TO_32_BIT_CONVERSION = YES;
				GCC_WARN_ABOUT_RETURN_TYPE = YES_ERROR;
				GCC_WARN_UNDECLARED_SELECTOR = YES;
				GCC_WARN_UNINITIALIZED_AUTOS = YES_AGGRESSIVE;
				GCC_WARN_UNUSED_FUNCTION = YES;
				GCC_WARN_UNUSED_VARIABLE = YES;
				IPHONEOS_DEPLOYMENT_TARGET = 16.2;
				MTL_ENABLE_DEBUG_INFO = INCLUDE_SOURCE;
				MTL_FAST_MATH = YES;
				ONLY_ACTIVE_ARCH = YES;
				SDKROOT = iphoneos;
				SWIFT_ACTIVE_COMPILATION_CONDITIONS = DEBUG;
				SWIFT_OPTIMIZATION_LEVEL = "-Onone";
			};
			name = Debug;
		};
		4F1E7E072E72F85800ED93E7 /* Release */ = {
			isa = XCBuildConfiguration;
			buildSettings = {
				ALWAYS_SEARCH_USER_PATHS = NO;
				CLANG_ANALYZER_NONNULL = YES;
				CLANG_ANALYZER_NUMBER_OBJECT_CONVERSION = YES_AGGRESSIVE;
				CLANG_CXX_LANGUAGE_STANDARD = "gnu++20";
				CLANG_ENABLE_MODULES = YES;
				CLANG_ENABLE_OBJC_ARC = YES;
				CLANG_ENABLE_OBJC_WEAK = YES;
				CLANG_WARN_BLOCK_CAPTURE_AUTORELEASING = YES;
				CLANG_WARN_BOOL_CONVERSION = YES;
				CLANG_WARN_COMMA = YES;
				CLANG_WARN_CONSTANT_CONVERSION = YES;
				CLANG_WARN_DEPRECATED_OBJC_IMPLEMENTATIONS = YES;
				CLANG_WARN_DIRECT_OBJC_ISA_USAGE = YES_ERROR;
				CLANG_WARN_DOCUMENTATION_COMMENTS = YES;
				CLANG_WARN_EMPTY_BODY = YES;
				CLANG_WARN_ENUM_CONVERSION = YES;
				CLANG_WARN_INFINITE_RECURSION = YES;
				CLANG_WARN_INT_CONVERSION = YES;
				CLANG_WARN_NON_LITERAL_NULL_CONVERSION = YES;
				CLANG_WARN_OBJC_IMPLICIT_RETAIN_SELF = YES;
				CLANG_WARN_OBJC_LITERAL_CONVERSION = YES;
				CLANG_WARN_OBJC_ROOT_CLASS = YES_ERROR;
				CLANG_WARN_QUOTED_INCLUDE_IN_FRAMEWORK_HEADER = YES;
				CLANG_WARN_RANGE_LOOP_ANALYSIS = YES;
				CLANG_WARN_STRICT_PROTOTYPES = YES;
				CLANG_WARN_SUSPICIOUS_MOVE = YES;
				CLANG_WARN_UNGUARDED_AVAILABILITY = YES_AGGRESSIVE;
				CLANG_WARN_UNREACHABLE_CODE = YES;
				CLANG_WARN__DUPLICATE_METHOD_MATCH = YES;
				COPY_PHASE_STRIP = NO;
				DEBUG_INFORMATION_FORMAT = "dwarf-with-dsym";
				ENABLE_NS_ASSERTIONS = NO;
				ENABLE_STRICT_OBJC_MSGSEND = YES;
				GCC_C_LANGUAGE_STANDARD = gnu11;
				GCC_NO_COMMON_BLOCKS = YES;
				GCC_WARN_64_TO_32_BIT_CONVERSION = YES;
				GCC_WARN_ABOUT_RETURN_TYPE = YES_ERROR;
				GCC_WARN_UNDECLARED_SELECTOR = YES;
				GCC_WARN_UNINITIALIZED_AUTOS = YES_AGGRESSIVE;
				GCC_WARN_UNUSED_FUNCTION = YES;
				GCC_WARN_UNUSED_VARIABLE = YES;
				IPHONEOS_DEPLOYMENT_TARGET = 16.2;
				MTL_ENABLE_DEBUG_INFO = NO;
				MTL_FAST_MATH = YES;
				SDKROOT = iphoneos;
				SWIFT_COMPILATION_MODE = wholemodule;
				SWIFT_OPTIMIZATION_LEVEL = "-O";
				VALIDATE_PRODUCT = YES;
			};
			name = Release;
		};
		4F1E7E092E72F85800ED93E7 /* Debug */ = {
			isa = XCBuildConfiguration;
			baseConfigurationReference = 626847689FF55B1FA78F1CE5 /* Pods-BabyLog.debug.xcconfig */;
			buildSettings = {
				ALWAYS_EMBED_SWIFT_STANDARD_LIBRARIES = YES;
				ASSETCATALOG_COMPILER_APPICON_NAME = AppIcon;
				ASSETCATALOG_COMPILER_GLOBAL_ACCENT_COLOR_NAME = AccentColor;
				CODE_SIGN_ENTITLEMENTS = BabyLog/BabyLog.entitlements;
				CODE_SIGN_STYLE = Automatic;
				CURRENT_PROJECT_VERSION = 1;
				DEVELOPMENT_ASSET_PATHS = "\"BabyLog/Preview Content\"";
				DEVELOPMENT_TEAM = 2H7EM56K2Z;
				ENABLE_PREVIEWS = YES;
				GENERATE_INFOPLIST_FILE = YES;
				INFOPLIST_FILE = BabyLog/Info.plist;
				INFOPLIST_KEY_UIApplicationSceneManifest_Generation = YES;
				INFOPLIST_KEY_UIApplicationSupportsIndirectInputEvents = YES;
				INFOPLIST_KEY_UILaunchScreen_Generation = YES;
				INFOPLIST_KEY_UISupportedInterfaceOrientations_iPad = "UIInterfaceOrientationPortrait UIInterfaceOrientationPortraitUpsideDown UIInterfaceOrientationLandscapeLeft UIInterfaceOrientationLandscapeRight";
				INFOPLIST_KEY_UISupportedInterfaceOrientations_iPhone = "UIInterfaceOrientationPortrait UIInterfaceOrientationLandscapeLeft UIInterfaceOrientationLandscapeRight";
				LD_RUNPATH_SEARCH_PATHS = (
					"$(inherited)",
					"@executable_path/Frameworks",
				);
				MARKETING_VERSION = 1.0;
				PRODUCT_BUNDLE_IDENTIFIER = com.leeyuno.BabyLog;
				PRODUCT_NAME = "$(TARGET_NAME)";
				SWIFT_EMIT_LOC_STRINGS = YES;
				SWIFT_VERSION = 5.0;
				TARGETED_DEVICE_FAMILY = "1,2";
			};
			name = Debug;
		};
		4F1E7E0A2E72F85800ED93E7 /* Release */ = {
			isa = XCBuildConfiguration;
			baseConfigurationReference = 705EE50D7EAA93CFC8C21478 /* Pods-BabyLog.release.xcconfig */;
			buildSettings = {
				ALWAYS_EMBED_SWIFT_STANDARD_LIBRARIES = YES;
				ASSETCATALOG_COMPILER_APPICON_NAME = AppIcon;
				ASSETCATALOG_COMPILER_GLOBAL_ACCENT_COLOR_NAME = AccentColor;
				CODE_SIGN_ENTITLEMENTS = BabyLog/BabyLog.entitlements;
				CODE_SIGN_STYLE = Automatic;
				CURRENT_PROJECT_VERSION = 1;
				DEVELOPMENT_ASSET_PATHS = "\"BabyLog/Preview Content\"";
				DEVELOPMENT_TEAM = 2H7EM56K2Z;
				ENABLE_PREVIEWS = YES;
				GENERATE_INFOPLIST_FILE = YES;
				INFOPLIST_FILE = BabyLog/Info.plist;
				INFOPLIST_KEY_UIApplicationSceneManifest_Generation = YES;
				INFOPLIST_KEY_UIApplicationSupportsIndirectInputEvents = YES;
				INFOPLIST_KEY_UILaunchScreen_Generation = YES;
				INFOPLIST_KEY_UISupportedInterfaceOrientations_iPad = "UIInterfaceOrientationPortrait UIInterfaceOrientationPortraitUpsideDown UIInterfaceOrientationLandscapeLeft UIInterfaceOrientationLandscapeRight";
				INFOPLIST_KEY_UISupportedInterfaceOrientations_iPhone = "UIInterfaceOrientationPortrait UIInterfaceOrientationLandscapeLeft UIInterfaceOrientationLandscapeRight";
				LD_RUNPATH_SEARCH_PATHS = (
					"$(inherited)",
					"@executable_path/Frameworks",
				);
				MARKETING_VERSION = 1.0;
				PRODUCT_BUNDLE_IDENTIFIER = com.leeyuno.BabyLog;
				PRODUCT_NAME = "$(TARGET_NAME)";
				SWIFT_EMIT_LOC_STRINGS = YES;
				SWIFT_VERSION = 5.0;
				TARGETED_DEVICE_FAMILY = "1,2";
			};
			name = Release;
		};
		4F1E7E0C2E72F85800ED93E7 /* Debug */ = {
			isa = XCBuildConfiguration;
			baseConfigurationReference = 4C978BC931604AF68F83361C /* Pods-BabyLogTests.debug.xcconfig */;
			buildSettings = {
				ALWAYS_EMBED_SWIFT_STANDARD_LIBRARIES = YES;
				BUNDLE_LOADER = "$(TEST_HOST)";
				CODE_SIGN_STYLE = Automatic;
				CURRENT_PROJECT_VERSION = 1;
				DEVELOPMENT_TEAM = 2H7EM56K2Z;
				GENERATE_INFOPLIST_FILE = YES;
				IPHONEOS_DEPLOYMENT_TARGET = 16.2;
				MARKETING_VERSION = 1.0;
				PRODUCT_BUNDLE_IDENTIFIER = com.leeyuno.BabyLogTests;
				PRODUCT_NAME = "$(TARGET_NAME)";
				SWIFT_EMIT_LOC_STRINGS = NO;
				SWIFT_VERSION = 5.0;
				TARGETED_DEVICE_FAMILY = "1,2";
				TEST_HOST = "$(BUILT_PRODUCTS_DIR)/BabyLog.app/$(BUNDLE_EXECUTABLE_FOLDER_PATH)/BabyLog";
			};
			name = Debug;
		};
		4F1E7E0D2E72F85800ED93E7 /* Release */ = {
			isa = XCBuildConfiguration;
			baseConfigurationReference = 3B1E038B50F00DC6804EA52A /* Pods-BabyLogTests.release.xcconfig */;
			buildSettings = {
				ALWAYS_EMBED_SWIFT_STANDARD_LIBRARIES = YES;
				BUNDLE_LOADER = "$(TEST_HOST)";
				CODE_SIGN_STYLE = Automatic;
				CURRENT_PROJECT_VERSION = 1;
				DEVELOPMENT_TEAM = 2H7EM56K2Z;
				GENERATE_INFOPLIST_FILE = YES;
				IPHONEOS_DEPLOYMENT_TARGET = 16.2;
				MARKETING_VERSION = 1.0;
				PRODUCT_BUNDLE_IDENTIFIER = com.leeyuno.BabyLogTests;
				PRODUCT_NAME = "$(TARGET_NAME)";
				SWIFT_EMIT_LOC_STRINGS = NO;
				SWIFT_VERSION = 5.0;
				TARGETED_DEVICE_FAMILY = "1,2";
				TEST_HOST = "$(BUILT_PRODUCTS_DIR)/BabyLog.app/$(BUNDLE_EXECUTABLE_FOLDER_PATH)/BabyLog";
			};
			name = Release;
		};
		4F1E7E0F2E72F85800ED93E7 /* Debug */ = {
			isa = XCBuildConfiguration;
			baseConfigurationReference = F17FBFA9E9739D1156F691E6 /* Pods-BabyLog-BabyLogUITests.debug.xcconfig */;
			buildSettings = {
				ALWAYS_EMBED_SWIFT_STANDARD_LIBRARIES = YES;
				CODE_SIGN_STYLE = Automatic;
				CURRENT_PROJECT_VERSION = 1;
				DEVELOPMENT_TEAM = 2H7EM56K2Z;
				GENERATE_INFOPLIST_FILE = YES;
				MARKETING_VERSION = 1.0;
				PRODUCT_BUNDLE_IDENTIFIER = com.leeyuno.BabyLogUITests;
				PRODUCT_NAME = "$(TARGET_NAME)";
				SWIFT_EMIT_LOC_STRINGS = NO;
				SWIFT_VERSION = 5.0;
				TARGETED_DEVICE_FAMILY = "1,2";
				TEST_TARGET_NAME = BabyLog;
			};
			name = Debug;
		};
		4F1E7E102E72F85800ED93E7 /* Release */ = {
			isa = XCBuildConfiguration;
			baseConfigurationReference = 2DA25A26117C372DD26924D3 /* Pods-BabyLog-BabyLogUITests.release.xcconfig */;
			buildSettings = {
				ALWAYS_EMBED_SWIFT_STANDARD_LIBRARIES = YES;
				CODE_SIGN_STYLE = Automatic;
				CURRENT_PROJECT_VERSION = 1;
				DEVELOPMENT_TEAM = 2H7EM56K2Z;
				GENERATE_INFOPLIST_FILE = YES;
				MARKETING_VERSION = 1.0;
				PRODUCT_BUNDLE_IDENTIFIER = com.leeyuno.BabyLogUITests;
				PRODUCT_NAME = "$(TARGET_NAME)";
				SWIFT_EMIT_LOC_STRINGS = NO;
				SWIFT_VERSION = 5.0;
				TARGETED_DEVICE_FAMILY = "1,2";
				TEST_TARGET_NAME = BabyLog;
			};
			name = Release;
		};
		4F1E7E542E7FA48600ED93E7 /* Debug */ = {
			isa = XCBuildConfiguration;
			baseConfigurationReference = 7B80168F7CAE8B23DEACF52E /* Pods-BabyLogWidgetExtension.debug.xcconfig */;
			buildSettings = {
				ASSETCATALOG_COMPILER_GLOBAL_ACCENT_COLOR_NAME = AccentColor;
				ASSETCATALOG_COMPILER_WIDGET_BACKGROUND_COLOR_NAME = WidgetBackground;
				CODE_SIGN_STYLE = Automatic;
				CURRENT_PROJECT_VERSION = 1;
				DEVELOPMENT_TEAM = 2H7EM56K2Z;
				GENERATE_INFOPLIST_FILE = YES;
				INFOPLIST_FILE = BabyLogWidget/Info.plist;
				INFOPLIST_KEY_CFBundleDisplayName = BabyLogWidget;
				INFOPLIST_KEY_NSHumanReadableCopyright = "";
				LD_RUNPATH_SEARCH_PATHS = (
					"$(inherited)",
					"@executable_path/Frameworks",
					"@executable_path/../../Frameworks",
				);
				MARKETING_VERSION = 1.0;
				PRODUCT_BUNDLE_IDENTIFIER = com.leeyuno.BabyLog.BabyLogWidget;
				PRODUCT_NAME = "$(TARGET_NAME)";
				SKIP_INSTALL = YES;
				SWIFT_EMIT_LOC_STRINGS = YES;
				SWIFT_VERSION = 5.0;
				TARGETED_DEVICE_FAMILY = "1,2";
			};
			name = Debug;
		};
		4F1E7E552E7FA48600ED93E7 /* Release */ = {
			isa = XCBuildConfiguration;
			baseConfigurationReference = 6EF63560F475858D94D772F7 /* Pods-BabyLogWidgetExtension.release.xcconfig */;
			buildSettings = {
				ASSETCATALOG_COMPILER_GLOBAL_ACCENT_COLOR_NAME = AccentColor;
				ASSETCATALOG_COMPILER_WIDGET_BACKGROUND_COLOR_NAME = WidgetBackground;
				CODE_SIGN_STYLE = Automatic;
				CURRENT_PROJECT_VERSION = 1;
				DEVELOPMENT_TEAM = 2H7EM56K2Z;
				GENERATE_INFOPLIST_FILE = YES;
				INFOPLIST_FILE = BabyLogWidget/Info.plist;
				INFOPLIST_KEY_CFBundleDisplayName = BabyLogWidget;
				INFOPLIST_KEY_NSHumanReadableCopyright = "";
				LD_RUNPATH_SEARCH_PATHS = (
					"$(inherited)",
					"@executable_path/Frameworks",
					"@executable_path/../../Frameworks",
				);
				MARKETING_VERSION = 1.0;
				PRODUCT_BUNDLE_IDENTIFIER = com.leeyuno.BabyLog.BabyLogWidget;
				PRODUCT_NAME = "$(TARGET_NAME)";
				SKIP_INSTALL = YES;
				SWIFT_EMIT_LOC_STRINGS = YES;
				SWIFT_VERSION = 5.0;
				TARGETED_DEVICE_FAMILY = "1,2";
			};
			name = Release;
		};
/* End XCBuildConfiguration section */

/* Begin XCConfigurationList section */
		4F1E7DDA2E72F85600ED93E7 /* Build configuration list for PBXProject "BabyLog" */ = {
			isa = XCConfigurationList;
			buildConfigurations = (
				4F1E7E062E72F85800ED93E7 /* Debug */,
				4F1E7E072E72F85800ED93E7 /* Release */,
			);
			defaultConfigurationIsVisible = 0;
			defaultConfigurationName = Release;
		};
		4F1E7E082E72F85800ED93E7 /* Build configuration list for PBXNativeTarget "BabyLog" */ = {
			isa = XCConfigurationList;
			buildConfigurations = (
				4F1E7E092E72F85800ED93E7 /* Debug */,
				4F1E7E0A2E72F85800ED93E7 /* Release */,
			);
			defaultConfigurationIsVisible = 0;
			defaultConfigurationName = Release;
		};
		4F1E7E0B2E72F85800ED93E7 /* Build configuration list for PBXNativeTarget "BabyLogTests" */ = {
			isa = XCConfigurationList;
			buildConfigurations = (
				4F1E7E0C2E72F85800ED93E7 /* Debug */,
				4F1E7E0D2E72F85800ED93E7 /* Release */,
			);
			defaultConfigurationIsVisible = 0;
			defaultConfigurationName = Release;
		};
		4F1E7E0E2E72F85800ED93E7 /* Build configuration list for PBXNativeTarget "BabyLogUITests" */ = {
			isa = XCConfigurationList;
			buildConfigurations = (
				4F1E7E0F2E72F85800ED93E7 /* Debug */,
				4F1E7E102E72F85800ED93E7 /* Release */,
			);
			defaultConfigurationIsVisible = 0;
			defaultConfigurationName = Release;
		};
		4F1E7E532E7FA48600ED93E7 /* Build configuration list for PBXNativeTarget "BabyLogWidgetExtension" */ = {
			isa = XCConfigurationList;
			buildConfigurations = (
				4F1E7E542E7FA48600ED93E7 /* Debug */,
				4F1E7E552E7FA48600ED93E7 /* Release */,
			);
			defaultConfigurationIsVisible = 0;
			defaultConfigurationName = Release;
		};
/* End XCConfigurationList section */

/* Begin XCVersionGroup section */
		4F1E7DED2E72F85800ED93E7 /* BabyLog.xcdatamodeld */ = {
			isa = XCVersionGroup;
			children = (
				4F1E7DEE2E72F85800ED93E7 /* BabyLog.xcdatamodel */,
			);
			currentVersion = 4F1E7DEE2E72F85800ED93E7 /* BabyLog.xcdatamodel */;
			path = BabyLog.xcdatamodeld;
			sourceTree = "<group>";
			versionGroupType = wrapper.xcdatamodel;
		};
/* End XCVersionGroup section */
	};
	rootObject = 4F1E7DD72E72F85600ED93E7 /* Project object */;
}
